
Microsoft Visual Studio Solution File, Format Version 12.00
# Visual Studio Version 17
VisualStudioVersion = 17.9.34616.47
MinimumVisualStudioVersion = 10.0.40219.1
Project("{9A19103F-16F7-4668-BE54-9A1E7A4F7556}") = "PedroMoreira.API", "PedroMoreira.API\PedroMoreira.API.csproj", "{FB8F5280-1271-441F-8055-69234B8F2335}"
EndProject
Project("{2150E333-8FDC-42A3-9474-1A3956D46DE8}") = "Solution Items", "Solution Items", "{E9BBFBBE-3A7C-463F-90E0-B072D9AE3882}"
	ProjectSection(SolutionItems) = preProject
		..\docker-compose.yml = ..\docker-compose.yml
	EndProjectSection
EndProject
Project("{9A19103F-16F7-4668-BE54-9A1E7A4F7556}") = "PedroMoreira.Infrastructure", "PedroMoreira.Infrastructure\PedroMoreira.Infrastructure.csproj", "{40DF108B-B557-4963-BB66-737068B983E8}"
EndProject
Project("{9A19103F-16F7-4668-BE54-9A1E7A4F7556}") = "PedroMoreira.Domain", "PedroMoreira.Domain\PedroMoreira.Domain.csproj", "{FB0CC959-1CDB-4504-9E31-8FC3154F09EC}"
EndProject
Project("{9A19103F-16F7-4668-BE54-9A1E7A4F7556}") = "PedroMoreira.Application", "PedroMoreira.Application\PedroMoreira.Application.csproj", "{D957D0EF-7114-4FFE-AFA7-CDA5BB73A014}"
EndProject
Project("{FAE04EC0-301F-11D3-BF4B-00C04F79EFBC}") = "PedroMoreira.Contracts", "PedroMoreira.Contracts\PedroMoreira.Contracts.csproj", "{8BE6E692-A0A3-421E-9D46-970D420D85D9}"
EndProject
Global
	GlobalSection(SolutionConfigurationPlatforms) = preSolution
		Debug|Any CPU = Debug|Any CPU
		Release|Any CPU = Release|Any CPU
	EndGlobalSection
	GlobalSection(ProjectConfigurationPlatforms) = postSolution
		{FB8F5280-1271-441F-8055-69234B8F2335}.Debug|Any CPU.ActiveCfg = Debug|Any CPU
		{FB8F5280-1271-441F-8055-69234B8F2335}.Debug|Any CPU.Build.0 = Debug|Any CPU
		{FB8F5280-1271-441F-8055-69234B8F2335}.Release|Any CPU.ActiveCfg = Release|Any CPU
		{FB8F5280-1271-441F-8055-69234B8F2335}.Release|Any CPU.Build.0 = Release|Any CPU
		{40DF108B-B557-4963-BB66-737068B983E8}.Debug|Any CPU.ActiveCfg = Debug|Any CPU
		{40DF108B-B557-4963-BB66-737068B983E8}.Debug|Any CPU.Build.0 = Debug|Any CPU
		{40DF108B-B557-4963-BB66-737068B983E8}.Release|Any CPU.ActiveCfg = Release|Any CPU
		{40DF108B-B557-4963-BB66-737068B983E8}.Release|Any CPU.Build.0 = Release|Any CPU
		{FB0CC959-1CDB-4504-9E31-8FC3154F09EC}.Debug|Any CPU.ActiveCfg = Debug|Any CPU
		{FB0CC959-1CDB-4504-9E31-8FC3154F09EC}.Debug|Any CPU.Build.0 = Debug|Any CPU
		{FB0CC959-1CDB-4504-9E31-8FC3154F09EC}.Release|Any CPU.ActiveCfg = Release|Any CPU
		{FB0CC959-1CDB-4504-9E31-8FC3154F09EC}.Release|Any CPU.Build.0 = Release|Any CPU
		{D957D0EF-7114-4FFE-AFA7-CDA5BB73A014}.Debug|Any CPU.ActiveCfg = Debug|Any CPU
		{D957D0EF-7114-4FFE-AFA7-CDA5BB73A014}.Debug|Any CPU.Build.0 = Debug|Any CPU
		{D957D0EF-7114-4FFE-AFA7-CDA5BB73A014}.Release|Any CPU.ActiveCfg = Release|Any CPU
		{D957D0EF-7114-4FFE-AFA7-CDA5BB73A014}.Release|Any CPU.Build.0 = Release|Any CPU
		{8BE6E692-A0A3-421E-9D46-970D420D85D9}.Debug|Any CPU.ActiveCfg = Debug|Any CPU
		{8BE6E692-A0A3-421E-9D46-970D420D85D9}.Debug|Any CPU.Build.0 = Debug|Any CPU
		{8BE6E692-A0A3-421E-9D46-970D420D85D9}.Release|Any CPU.ActiveCfg = Release|Any CPU
		{8BE6E692-A0A3-421E-9D46-970D420D85D9}.Release|Any CPU.Build.0 = Release|Any CPU
	EndGlobalSection
	GlobalSection(SolutionProperties) = preSolution
		HideSolutionNode = FALSE
	EndGlobalSection
	GlobalSection(ExtensibilityGlobals) = postSolution
		SolutionGuid = {270A78C4-2954-4BB5-9E76-28693BA96F8D}
	EndGlobalSection
EndGlobal
